
Microsoft Visual Studio Solution File, Format Version 12.00
# Visual Studio 15
VisualStudioVersion = 15.0.27703.2042
MinimumVisualStudioVersion = 10.0.40219.1
Project("{9A19103F-16F7-4668-BE54-9A1E7A4F7556}") = "TestMakerWebApp", "TestMakerWebApp\TestMakerWebApp.csproj", "{05380375-B5C3-405B-B0E9-CAF9A327F0B4}"
EndProject
Project("{9A19103F-16F7-4668-BE54-9A1E7A4F7556}") = "TestMaker.Models", "TestMaker.Models\TestMaker.Models.csproj", "{34616866-0395-4EAD-BA09-2EA0F3E66166}"
EndProject
Project("{9A19103F-16F7-4668-BE54-9A1E7A4F7556}") = "TestMaker.Helpers", "TestMaker.Helpers\TestMaker.Helpers.csproj", "{09EAE742-C7F3-4787-9D79-BE2ECF0F9367}"
EndProject
Project("{FAE04EC0-301F-11D3-BF4B-00C04F79EFBC}") = "TestMaker.Data", "TestMaker.Data\TestMaker.Data.csproj", "{D564A467-3060-4954-8FB9-C94F9A955FEB}"
EndProject
Global
	GlobalSection(SolutionConfigurationPlatforms) = preSolution
		Debug|Any CPU = Debug|Any CPU
		Release|Any CPU = Release|Any CPU
	EndGlobalSection
	GlobalSection(ProjectConfigurationPlatforms) = postSolution
		{05380375-B5C3-405B-B0E9-CAF9A327F0B4}.Debug|Any CPU.ActiveCfg = Debug|Any CPU
		{05380375-B5C3-405B-B0E9-CAF9A327F0B4}.Debug|Any CPU.Build.0 = Debug|Any CPU
		{05380375-B5C3-405B-B0E9-CAF9A327F0B4}.Release|Any CPU.ActiveCfg = Release|Any CPU
		{05380375-B5C3-405B-B0E9-CAF9A327F0B4}.Release|Any CPU.Build.0 = Release|Any CPU
		{34616866-0395-4EAD-BA09-2EA0F3E66166}.Debug|Any CPU.ActiveCfg = Debug|Any CPU
		{34616866-0395-4EAD-BA09-2EA0F3E66166}.Debug|Any CPU.Build.0 = Debug|Any CPU
		{34616866-0395-4EAD-BA09-2EA0F3E66166}.Release|Any CPU.ActiveCfg = Release|Any CPU
		{34616866-0395-4EAD-BA09-2EA0F3E66166}.Release|Any CPU.Build.0 = Release|Any CPU
		{09EAE742-C7F3-4787-9D79-BE2ECF0F9367}.Debug|Any CPU.ActiveCfg = Debug|Any CPU
		{09EAE742-C7F3-4787-9D79-BE2ECF0F9367}.Debug|Any CPU.Build.0 = Debug|Any CPU
		{09EAE742-C7F3-4787-9D79-BE2ECF0F9367}.Release|Any CPU.ActiveCfg = Release|Any CPU
		{09EAE742-C7F3-4787-9D79-BE2ECF0F9367}.Release|Any CPU.Build.0 = Release|Any CPU
		{D564A467-3060-4954-8FB9-C94F9A955FEB}.Debug|Any CPU.ActiveCfg = Debug|Any CPU
		{D564A467-3060-4954-8FB9-C94F9A955FEB}.Debug|Any CPU.Build.0 = Debug|Any CPU
		{D564A467-3060-4954-8FB9-C94F9A955FEB}.Release|Any CPU.ActiveCfg = Release|Any CPU
		{D564A467-3060-4954-8FB9-C94F9A955FEB}.Release|Any CPU.Build.0 = Release|Any CPU
	EndGlobalSection
	GlobalSection(SolutionProperties) = preSolution
		HideSolutionNode = FALSE
	EndGlobalSection
	GlobalSection(ExtensibilityGlobals) = postSolution
		SolutionGuid = {1F7ACB67-0532-4BF1-AE87-16D77F2E73CB}
	EndGlobalSection
EndGlobal
